
Microsoft Visual Studio Solution File, Format Version 12.00
# Visual Studio Version 17
VisualStudioVersion = 17.2.32616.157
MinimumVisualStudioVersion = 10.0.40219.1
Project("{FAE04EC0-301F-11D3-BF4B-00C04F79EFBC}") = "db-videogames", "db-videogames\db-videogames.csproj", "{A454B329-5B4F-4ABE-89DE-5260DE8ED9C0}"
EndProject
Global
	GlobalSection(SolutionConfigurationPlatforms) = preSolution
		Debug|Any CPU = Debug|Any CPU
		Release|Any CPU = Release|Any CPU
	EndGlobalSection
	GlobalSection(ProjectConfigurationPlatforms) = postSolution
		{A454B329-5B4F-4ABE-89DE-5260DE8ED9C0}.Debug|Any CPU.ActiveCfg = Debug|Any CPU
		{A454B329-5B4F-4ABE-89DE-5260DE8ED9C0}.Debug|Any CPU.Build.0 = Debug|Any CPU
		{A454B329-5B4F-4ABE-89DE-5260DE8ED9C0}.Release|Any CPU.ActiveCfg = Release|Any CPU
		{A454B329-5B4F-4ABE-89DE-5260DE8ED9C0}.Release|Any CPU.Build.0 = Release|Any CPU
	EndGlobalSection
	GlobalSection(SolutionProperties) = preSolution
		HideSolutionNode = FALSE
	EndGlobalSection
	GlobalSection(ExtensibilityGlobals) = postSolution
		SolutionGuid = {90FBA2E8-3970-42F3-A8E1-F43902140AF3}
	EndGlobalSection
EndGlobal
